
Microsoft Visual Studio Solution File, Format Version 12.00
# Visual Studio Version 17
VisualStudioVersion = 17.0.31903.59
MinimumVisualStudioVersion = 10.0.40219.1
Project("{FAE04EC0-301F-11D3-BF4B-00C04F79EFBC}") = "GremlinQueries", "GremlinQueries\GremlinQueries.csproj", "{AC592253-4B5F-44F2-A138-27730D2969D6}"
EndProject
Project("{FAE04EC0-301F-11D3-BF4B-00C04F79EFBC}") = "QueriesTesting", "QueriesTesting\QueriesTesting.csproj", "{EC6C7116-FD19-4FBC-894B-8561E516807A}"
EndProject
Global
	GlobalSection(SolutionConfigurationPlatforms) = preSolution
		Debug|Any CPU = Debug|Any CPU
		Release|Any CPU = Release|Any CPU
	EndGlobalSection
	GlobalSection(SolutionProperties) = preSolution
		HideSolutionNode = FALSE
	EndGlobalSection
	GlobalSection(ProjectConfigurationPlatforms) = postSolution
		{AC592253-4B5F-44F2-A138-27730D2969D6}.Debug|Any CPU.ActiveCfg = Debug|Any CPU
		{AC592253-4B5F-44F2-A138-27730D2969D6}.Debug|Any CPU.Build.0 = Debug|Any CPU
		{AC592253-4B5F-44F2-A138-27730D2969D6}.Release|Any CPU.ActiveCfg = Release|Any CPU
		{AC592253-4B5F-44F2-A138-27730D2969D6}.Release|Any CPU.Build.0 = Release|Any CPU
		{EC6C7116-FD19-4FBC-894B-8561E516807A}.Debug|Any CPU.ActiveCfg = Debug|Any CPU
		{EC6C7116-FD19-4FBC-894B-8561E516807A}.Debug|Any CPU.Build.0 = Debug|Any CPU
		{EC6C7116-FD19-4FBC-894B-8561E516807A}.Release|Any CPU.ActiveCfg = Release|Any CPU
		{EC6C7116-FD19-4FBC-894B-8561E516807A}.Release|Any CPU.Build.0 = Release|Any CPU
	EndGlobalSection
EndGlobal
